<?xml version="1.0" encoding="utf-8"?>
<Project ToolsVersion="4.0" xmlns="http://schemas.microsoft.com/developer/msbuild/2003">
  <ItemGroup>
    <Filter Include="소스 파일">
      <UniqueIdentifier>{4FC737F1-C7A5-4376-A066-2A32D752A2FF}</UniqueIdentifier>
      <Extensions>cpp;c;cc;cxx;c++;cppm;ixx;def;odl;idl;hpj;bat;asm;asmx</Extensions>
    </Filter>
    <Filter Include="헤더 파일">
      <UniqueIdentifier>{93995380-89BD-4b04-88EB-625FBE52EBFB}</UniqueIdentifier>
      <Extensions>h;hh;hpp;hxx;h++;hm;inl;inc;ipp;xsd</Extensions>
    </Filter>
    <Filter Include="리소스 파일">
      <UniqueIdentifier>{67DA6AB6-F800-4c08-8B7A-83BB121AAD01}</UniqueIdentifier>
      <Extensions>rc;ico;cur;bmp;dlg;rc2;rct;bin;rgs;gif;jpg;jpeg;jpe;resx;tiff;tif;png;wav;mfcribbon-ms</Extensions>
    </Filter>
    <Filter Include="Scene">
      <UniqueIdentifier>{2b9e6fdb-f7f0-4a87-a713-5e0f48230612}</UniqueIdentifier>
    </Filter>
    <Filter Include="MainGame">
      <UniqueIdentifier>{537c9d5a-d1a7-4576-b78b-0abbfd85f693}</UniqueIdentifier>
    </Filter>
    <Filter Include="Utility">
      <UniqueIdentifier>{7966e9b8-f6fc-4172-94cc-3995783cf5d7}</UniqueIdentifier>
    </Filter>
    <Filter Include="Object">
      <UniqueIdentifier>{1d8d6130-b315-49cd-8798-7d240d482568}</UniqueIdentifier>
    </Filter>
    <Filter Include="GameObject">
      <UniqueIdentifier>{c3bcc543-4660-4aff-bb11-fb08117bd5af}</UniqueIdentifier>
    </Filter>
  </ItemGroup>
  <ItemGroup>
    <ClInclude Include="targetver.h">
      <Filter>헤더 파일</Filter>
    </ClInclude>
    <ClInclude Include="Resource.h">
      <Filter>헤더 파일</Filter>
    </ClInclude>
    <ClInclude Include="PaintScene.h">
      <Filter>Scene</Filter>
    </ClInclude>
    <ClInclude Include="Scene.h">
      <Filter>Scene</Filter>
    </ClInclude>
    <ClInclude Include="Main.h">
      <Filter>MainGame</Filter>
    </ClInclude>
    <ClInclude Include="MainGame.h">
      <Filter>MainGame</Filter>
    </ClInclude>
    <ClInclude Include="Framework.h">
      <Filter>Utility</Filter>
    </ClInclude>
    <ClInclude Include="CollisionScene.h">
      <Filter>Scene</Filter>
    </ClInclude>
    <ClInclude Include="Point.h">
      <Filter>Object</Filter>
    </ClInclude>
    <ClInclude Include="Circle.h">
      <Filter>Object</Filter>
    </ClInclude>
    <ClInclude Include="Rect.h">
      <Filter>Object</Filter>
    </ClInclude>
    <ClInclude Include="AngleScene.h">
      <Filter>Scene</Filter>
    </ClInclude>
    <ClInclude Include="Line.h">
      <Filter>Object</Filter>
    </ClInclude>
    <ClInclude Include="Vector2.h">
      <Filter>Utility</Filter>
    </ClInclude>
    <ClInclude Include="Math.h">
      <Filter>Utility</Filter>
    </ClInclude>
    <ClInclude Include="Tank.h">
      <Filter>GameObject</Filter>
    </ClInclude>
    <ClInclude Include="CannonBall.h">
      <Filter>GameObject</Filter>
    </ClInclude>
    <ClInclude Include="CannonBallManager.h">
      <Filter>헤더 파일</Filter>
    </ClInclude>
  </ItemGroup>
  <ItemGroup>
    <ClCompile Include="PaintScene.cpp">
      <Filter>Scene</Filter>
    </ClCompile>
    <ClCompile Include="Main.cpp">
      <Filter>MainGame</Filter>
    </ClCompile>
    <ClCompile Include="MainGame.cpp">
      <Filter>MainGame</Filter>
    </ClCompile>
    <ClCompile Include="Framework.cpp">
      <Filter>Utility</Filter>
    </ClCompile>
    <ClCompile Include="CollisionScene.cpp">
      <Filter>Scene</Filter>
    </ClCompile>
    <ClCompile Include="Point.cpp">
      <Filter>Object</Filter>
    </ClCompile>
    <ClCompile Include="Circle.cpp">
      <Filter>Object</Filter>
    </ClCompile>
    <ClCompile Include="Rect.cpp">
      <Filter>Object</Filter>
    </ClCompile>
    <ClCompile Include="AngleScene.cpp">
      <Filter>Scene</Filter>
    </ClCompile>
    <ClCompile Include="Line.cpp">
      <Filter>Object</Filter>
    </ClCompile>
    <ClCompile Include="Math.cpp">
      <Filter>Utility</Filter>
    </ClCompile>
    <ClCompile Include="Vector2.cpp">
      <Filter>Utility</Filter>
    </ClCompile>
    <ClCompile Include="Tank.cpp">
      <Filter>GameObject</Filter>
    </ClCompile>
    <ClCompile Include="CannonBall.cpp">
      <Filter>GameObject</Filter>
    </ClCompile>
    <ClCompile Include="CannonBallManager.cpp">
      <Filter>소스 파일</Filter>
    </ClCompile>
  </ItemGroup>
  <ItemGroup>
    <ResourceCompile Include="32_WindowsAPI.rc">
      <Filter>리소스 파일</Filter>
    </ResourceCompile>
  </ItemGroup>
  <ItemGroup>
    <Image Include="small.ico">
      <Filter>리소스 파일</Filter>
    </Image>
    <Image Include="32_WindowsAPI.ico">
      <Filter>리소스 파일</Filter>
    </Image>
  </ItemGroup>
</Project>